// !$*UTF8*$!
{
	archiveVersion = 1;
	classes = {
	};
	objectVersion = 55;
	objects = {

/* Begin PBXBuildFile section */
		2997D09727ED6B550064D85B /* PopularMoviesModel.swift in Sources */ = {isa = PBXBuildFile; fileRef = 2997D09627ED6B550064D85B /* PopularMoviesModel.swift */; };
		2997D09927ED74DD0064D85B /* PopularMoviesResult.swift in Sources */ = {isa = PBXBuildFile; fileRef = 2997D09827ED74DD0064D85B /* PopularMoviesResult.swift */; };
		29A29E9A27F3EDD500253F00 /* MyCollectionViewCell.swift in Sources */ = {isa = PBXBuildFile; fileRef = 29A29E9827F3EDD500253F00 /* MyCollectionViewCell.swift */; };
		29A29E9B27F3EDD500253F00 /* MyCollectionViewCell.xib in Resources */ = {isa = PBXBuildFile; fileRef = 29A29E9927F3EDD500253F00 /* MyCollectionViewCell.xib */; };
		29A29EA127F3F7EC00253F00 /* PopularMoviesService.swift in Sources */ = {isa = PBXBuildFile; fileRef = 29A29EA027F3F7EC00253F00 /* PopularMoviesService.swift */; };
		29A29EA327F4046A00253F00 /* PopularMoviesViewModel.swift in Sources */ = {isa = PBXBuildFile; fileRef = 29A29EA227F4046A00253F00 /* PopularMoviesViewModel.swift */; };
		29A29EA627F41AF300253F00 /* Nuke in Frameworks */ = {isa = PBXBuildFile; productRef = 29A29EA527F41AF300253F00 /* Nuke */; };
		AB28A59327E536350019A330 /* AppDelegate.swift in Sources */ = {isa = PBXBuildFile; fileRef = AB28A59227E536350019A330 /* AppDelegate.swift */; };
		AB28A59527E536350019A330 /* SceneDelegate.swift in Sources */ = {isa = PBXBuildFile; fileRef = AB28A59427E536350019A330 /* SceneDelegate.swift */; };
		AB28A59727E536350019A330 /* PopularMoviesViewController.swift in Sources */ = {isa = PBXBuildFile; fileRef = AB28A59627E536350019A330 /* PopularMoviesViewController.swift */; };
		AB28A59A27E536350019A330 /* Main.storyboard in Resources */ = {isa = PBXBuildFile; fileRef = AB28A59827E536350019A330 /* Main.storyboard */; };
		AB28A59C27E536390019A330 /* Assets.xcassets in Resources */ = {isa = PBXBuildFile; fileRef = AB28A59B27E536390019A330 /* Assets.xcassets */; };
		AB28A59F27E536390019A330 /* LaunchScreen.storyboard in Resources */ = {isa = PBXBuildFile; fileRef = AB28A59D27E536390019A330 /* LaunchScreen.storyboard */; };
		AB28A5AA27E536390019A330 /* MoviesTests.swift in Sources */ = {isa = PBXBuildFile; fileRef = AB28A5A927E536390019A330 /* MoviesTests.swift */; };
		AB28A5B427E536390019A330 /* MoviesUITests.swift in Sources */ = {isa = PBXBuildFile; fileRef = AB28A5B327E536390019A330 /* MoviesUITests.swift */; };
		AB28A5B627E536390019A330 /* MoviesUITestsLaunchTests.swift in Sources */ = {isa = PBXBuildFile; fileRef = AB28A5B527E536390019A330 /* MoviesUITestsLaunchTests.swift */; };
/* End PBXBuildFile section */

/* Begin PBXContainerItemProxy section */
		AB28A5A627E536390019A330 /* PBXContainerItemProxy */ = {
			isa = PBXContainerItemProxy;
			containerPortal = AB28A58727E536350019A330 /* Project object */;
			proxyType = 1;
			remoteGlobalIDString = AB28A58E27E536350019A330;
			remoteInfo = Movies;
		};
		AB28A5B027E536390019A330 /* PBXContainerItemProxy */ = {
			isa = PBXContainerItemProxy;
			containerPortal = AB28A58727E536350019A330 /* Project object */;
			proxyType = 1;
			remoteGlobalIDString = AB28A58E27E536350019A330;
			remoteInfo = Movies;
		};
/* End PBXContainerItemProxy section */

/* Begin PBXFileReference section */
		2997D09627ED6B550064D85B /* PopularMoviesModel.swift */ = {isa = PBXFileReference; lastKnownFileType = sourcecode.swift; path = PopularMoviesModel.swift; sourceTree = "<group>"; };
		2997D09827ED74DD0064D85B /* PopularMoviesResult.swift */ = {isa = PBXFileReference; lastKnownFileType = sourcecode.swift; path = PopularMoviesResult.swift; sourceTree = "<group>"; };
		29A29E9827F3EDD500253F00 /* MyCollectionViewCell.swift */ = {isa = PBXFileReference; fileEncoding = 4; lastKnownFileType = sourcecode.swift; path = MyCollectionViewCell.swift; sourceTree = "<group>"; };
		29A29E9927F3EDD500253F00 /* MyCollectionViewCell.xib */ = {isa = PBXFileReference; fileEncoding = 4; lastKnownFileType = file.xib; path = MyCollectionViewCell.xib; sourceTree = "<group>"; };
		29A29EA027F3F7EC00253F00 /* PopularMoviesService.swift */ = {isa = PBXFileReference; lastKnownFileType = sourcecode.swift; path = PopularMoviesService.swift; sourceTree = "<group>"; };
		29A29EA227F4046A00253F00 /* PopularMoviesViewModel.swift */ = {isa = PBXFileReference; lastKnownFileType = sourcecode.swift; path = PopularMoviesViewModel.swift; sourceTree = "<group>"; };
		AB28A58F27E536350019A330 /* Movies.app */ = {isa = PBXFileReference; explicitFileType = wrapper.application; includeInIndex = 0; path = Movies.app; sourceTree = BUILT_PRODUCTS_DIR; };
		AB28A59227E536350019A330 /* AppDelegate.swift */ = {isa = PBXFileReference; lastKnownFileType = sourcecode.swift; path = AppDelegate.swift; sourceTree = "<group>"; };
		AB28A59427E536350019A330 /* SceneDelegate.swift */ = {isa = PBXFileReference; lastKnownFileType = sourcecode.swift; path = SceneDelegate.swift; sourceTree = "<group>"; };
		AB28A59627E536350019A330 /* PopularMoviesViewController.swift */ = {isa = PBXFileReference; lastKnownFileType = sourcecode.swift; path = PopularMoviesViewController.swift; sourceTree = "<group>"; };
		AB28A59927E536350019A330 /* Base */ = {isa = PBXFileReference; lastKnownFileType = file.storyboard; name = Base; path = Base.lproj/Main.storyboard; sourceTree = "<group>"; };
		AB28A59B27E536390019A330 /* Assets.xcassets */ = {isa = PBXFileReference; lastKnownFileType = folder.assetcatalog; path = Assets.xcassets; sourceTree = "<group>"; };
		AB28A59E27E536390019A330 /* Base */ = {isa = PBXFileReference; lastKnownFileType = file.storyboard; name = Base; path = Base.lproj/LaunchScreen.storyboard; sourceTree = "<group>"; };
		AB28A5A027E536390019A330 /* Info.plist */ = {isa = PBXFileReference; lastKnownFileType = text.plist.xml; path = Info.plist; sourceTree = "<group>"; };
		AB28A5A527E536390019A330 /* MoviesTests.xctest */ = {isa = PBXFileReference; explicitFileType = wrapper.cfbundle; includeInIndex = 0; path = MoviesTests.xctest; sourceTree = BUILT_PRODUCTS_DIR; };
		AB28A5A927E536390019A330 /* MoviesTests.swift */ = {isa = PBXFileReference; lastKnownFileType = sourcecode.swift; path = MoviesTests.swift; sourceTree = "<group>"; };
		AB28A5AF27E536390019A330 /* MoviesUITests.xctest */ = {isa = PBXFileReference; explicitFileType = wrapper.cfbundle; includeInIndex = 0; path = MoviesUITests.xctest; sourceTree = BUILT_PRODUCTS_DIR; };
		AB28A5B327E536390019A330 /* MoviesUITests.swift */ = {isa = PBXFileReference; lastKnownFileType = sourcecode.swift; path = MoviesUITests.swift; sourceTree = "<group>"; };
		AB28A5B527E536390019A330 /* MoviesUITestsLaunchTests.swift */ = {isa = PBXFileReference; lastKnownFileType = sourcecode.swift; path = MoviesUITestsLaunchTests.swift; sourceTree = "<group>"; };
/* End PBXFileReference section */

/* Begin PBXFrameworksBuildPhase section */
		AB28A58C27E536350019A330 /* Frameworks */ = {
			isa = PBXFrameworksBuildPhase;
			buildActionMask = 2147483647;
			files = (
				29A29EA627F41AF300253F00 /* Nuke in Frameworks */,
			);
			runOnlyForDeploymentPostprocessing = 0;
		};
		AB28A5A227E536390019A330 /* Frameworks */ = {
			isa = PBXFrameworksBuildPhase;
			buildActionMask = 2147483647;
			files = (
			);
			runOnlyForDeploymentPostprocessing = 0;
		};
		AB28A5AC27E536390019A330 /* Frameworks */ = {
			isa = PBXFrameworksBuildPhase;
			buildActionMask = 2147483647;
			files = (
			);
			runOnlyForDeploymentPostprocessing = 0;
		};
/* End PBXFrameworksBuildPhase section */

/* Begin PBXGroup section */
		2997D09127ED6A950064D85B /* Features */ = {
			isa = PBXGroup;
			children = (
				29A29E9D27F3F6D700253F00 /* Upcoming-movies */,
				2997D09227ED6AA70064D85B /* Popular-movies */,
			);
			path = Features;
			sourceTree = "<group>";
		};
		2997D09227ED6AA70064D85B /* Popular-movies */ = {
			isa = PBXGroup;
			children = (
				29A29E9F27F3F7CB00253F00 /* Services */,
				29A29E9E27F3F6E600253F00 /* View-models */,
				29A29E9C27F3F6C300253F00 /* Views */,
				2997D09527ED6B3F0064D85B /* Models */,
			);
			path = "Popular-movies";
			sourceTree = "<group>";
		};
		2997D09527ED6B3F0064D85B /* Models */ = {
			isa = PBXGroup;
			children = (
				2997D09627ED6B550064D85B /* PopularMoviesModel.swift */,
				2997D09827ED74DD0064D85B /* PopularMoviesResult.swift */,
			);
			path = Models;
			sourceTree = "<group>";
		};
		29A29E9C27F3F6C300253F00 /* Views */ = {
			isa = PBXGroup;
			children = (
				AB28A59627E536350019A330 /* PopularMoviesViewController.swift */,
				29A29E9827F3EDD500253F00 /* MyCollectionViewCell.swift */,
				29A29E9927F3EDD500253F00 /* MyCollectionViewCell.xib */,
			);
			path = Views;
			sourceTree = "<group>";
		};
		29A29E9D27F3F6D700253F00 /* Upcoming-movies */ = {
			isa = PBXGroup;
			children = (
			);
			path = "Upcoming-movies";
			sourceTree = "<group>";
		};
		29A29E9E27F3F6E600253F00 /* View-models */ = {
			isa = PBXGroup;
			children = (
				29A29EA227F4046A00253F00 /* PopularMoviesViewModel.swift */,
			);
			path = "View-models";
			sourceTree = "<group>";
		};
		29A29E9F27F3F7CB00253F00 /* Services */ = {
			isa = PBXGroup;
			children = (
				29A29EA027F3F7EC00253F00 /* PopularMoviesService.swift */,
			);
			path = Services;
			sourceTree = "<group>";
		};
		AB28A58627E536350019A330 = {
			isa = PBXGroup;
			children = (
				AB28A59127E536350019A330 /* Movies */,
				AB28A5A827E536390019A330 /* MoviesTests */,
				AB28A5B227E536390019A330 /* MoviesUITests */,
				AB28A59027E536350019A330 /* Products */,
			);
			sourceTree = "<group>";
		};
		AB28A59027E536350019A330 /* Products */ = {
			isa = PBXGroup;
			children = (
				AB28A58F27E536350019A330 /* Movies.app */,
				AB28A5A527E536390019A330 /* MoviesTests.xctest */,
				AB28A5AF27E536390019A330 /* MoviesUITests.xctest */,
			);
			name = Products;
			sourceTree = "<group>";
		};
		AB28A59127E536350019A330 /* Movies */ = {
			isa = PBXGroup;
			children = (
				2997D09127ED6A950064D85B /* Features */,
				AB28A59227E536350019A330 /* AppDelegate.swift */,
				AB28A59427E536350019A330 /* SceneDelegate.swift */,
				AB28A59827E536350019A330 /* Main.storyboard */,
				AB28A59B27E536390019A330 /* Assets.xcassets */,
				AB28A59D27E536390019A330 /* LaunchScreen.storyboard */,
				AB28A5A027E536390019A330 /* Info.plist */,
			);
			path = Movies;
			sourceTree = "<group>";
		};
		AB28A5A827E536390019A330 /* MoviesTests */ = {
			isa = PBXGroup;
			children = (
				AB28A5A927E536390019A330 /* MoviesTests.swift */,
			);
			path = MoviesTests;
			sourceTree = "<group>";
		};
		AB28A5B227E536390019A330 /* MoviesUITests */ = {
			isa = PBXGroup;
			children = (
				AB28A5B327E536390019A330 /* MoviesUITests.swift */,
				AB28A5B527E536390019A330 /* MoviesUITestsLaunchTests.swift */,
			);
			path = MoviesUITests;
			sourceTree = "<group>";
		};
/* End PBXGroup section */

/* Begin PBXNativeTarget section */
		AB28A58E27E536350019A330 /* Movies */ = {
			isa = PBXNativeTarget;
			buildConfigurationList = AB28A5B927E536390019A330 /* Build configuration list for PBXNativeTarget "Movies" */;
			buildPhases = (
				AB28A58B27E536350019A330 /* Sources */,
				AB28A58C27E536350019A330 /* Frameworks */,
				AB28A58D27E536350019A330 /* Resources */,
			);
			buildRules = (
			);
			dependencies = (
			);
			name = Movies;
			packageProductDependencies = (
				29A29EA527F41AF300253F00 /* Nuke */,
			);
			productName = Movies;
			productReference = AB28A58F27E536350019A330 /* Movies.app */;
			productType = "com.apple.product-type.application";
		};
		AB28A5A427E536390019A330 /* MoviesTests */ = {
			isa = PBXNativeTarget;
			buildConfigurationList = AB28A5BC27E536390019A330 /* Build configuration list for PBXNativeTarget "MoviesTests" */;
			buildPhases = (
				AB28A5A127E536390019A330 /* Sources */,
				AB28A5A227E536390019A330 /* Frameworks */,
				AB28A5A327E536390019A330 /* Resources */,
			);
			buildRules = (
			);
			dependencies = (
				AB28A5A727E536390019A330 /* PBXTargetDependency */,
			);
			name = MoviesTests;
			productName = MoviesTests;
			productReference = AB28A5A527E536390019A330 /* MoviesTests.xctest */;
			productType = "com.apple.product-type.bundle.unit-test";
		};
		AB28A5AE27E536390019A330 /* MoviesUITests */ = {
			isa = PBXNativeTarget;
			buildConfigurationList = AB28A5BF27E536390019A330 /* Build configuration list for PBXNativeTarget "MoviesUITests" */;
			buildPhases = (
				AB28A5AB27E536390019A330 /* Sources */,
				AB28A5AC27E536390019A330 /* Frameworks */,
				AB28A5AD27E536390019A330 /* Resources */,
			);
			buildRules = (
			);
			dependencies = (
				AB28A5B127E536390019A330 /* PBXTargetDependency */,
			);
			name = MoviesUITests;
			productName = MoviesUITests;
			productReference = AB28A5AF27E536390019A330 /* MoviesUITests.xctest */;
			productType = "com.apple.product-type.bundle.ui-testing";
		};
/* End PBXNativeTarget section */

/* Begin PBXProject section */
		AB28A58727E536350019A330 /* Project object */ = {
			isa = PBXProject;
			attributes = {
				BuildIndependentTargetsInParallel = 1;
				LastSwiftUpdateCheck = 1330;
				LastUpgradeCheck = 1330;
				TargetAttributes = {
					AB28A58E27E536350019A330 = {
						CreatedOnToolsVersion = 13.3;
					};
					AB28A5A427E536390019A330 = {
						CreatedOnToolsVersion = 13.3;
						TestTargetID = AB28A58E27E536350019A330;
					};
					AB28A5AE27E536390019A330 = {
						CreatedOnToolsVersion = 13.3;
						TestTargetID = AB28A58E27E536350019A330;
					};
				};
			};
			buildConfigurationList = AB28A58A27E536350019A330 /* Build configuration list for PBXProject "Movies" */;
			compatibilityVersion = "Xcode 13.0";
			developmentRegion = en;
			hasScannedForEncodings = 0;
			knownRegions = (
				en,
				Base,
			);
			mainGroup = AB28A58627E536350019A330;
			packageReferences = (
				29A29EA427F41AF300253F00 /* XCRemoteSwiftPackageReference "Nuke" */,
			);
			productRefGroup = AB28A59027E536350019A330 /* Products */;
			projectDirPath = "";
			projectRoot = "";
			targets = (
				AB28A58E27E536350019A330 /* Movies */,
				AB28A5A427E536390019A330 /* MoviesTests */,
				AB28A5AE27E536390019A330 /* MoviesUITests */,
			);
		};
/* End PBXProject section */

/* Begin PBXResourcesBuildPhase section */
		AB28A58D27E536350019A330 /* Resources */ = {
			isa = PBXResourcesBuildPhase;
			buildActionMask = 2147483647;
			files = (
				AB28A59F27E536390019A330 /* LaunchScreen.storyboard in Resources */,
				AB28A59C27E536390019A330 /* Assets.xcassets in Resources */,
				29A29E9B27F3EDD500253F00 /* MyCollectionViewCell.xib in Resources */,
				AB28A59A27E536350019A330 /* Main.storyboard in Resources */,
			);
			runOnlyForDeploymentPostprocessing = 0;
		};
		AB28A5A327E536390019A330 /* Resources */ = {
			isa = PBXResourcesBuildPhase;
			buildActionMask = 2147483647;
			files = (
			);
			runOnlyForDeploymentPostprocessing = 0;
		};
		AB28A5AD27E536390019A330 /* Resources */ = {
			isa = PBXResourcesBuildPhase;
			buildActionMask = 2147483647;
			files = (
			);
			runOnlyForDeploymentPostprocessing = 0;
		};
/* End PBXResourcesBuildPhase section */

/* Begin PBXSourcesBuildPhase section */
		AB28A58B27E536350019A330 /* Sources */ = {
			isa = PBXSourcesBuildPhase;
			buildActionMask = 2147483647;
			files = (
				29A29E9A27F3EDD500253F00 /* MyCollectionViewCell.swift in Sources */,
				AB28A59727E536350019A330 /* PopularMoviesViewController.swift in Sources */,
				29A29EA127F3F7EC00253F00 /* PopularMoviesService.swift in Sources */,
				29A29EA327F4046A00253F00 /* PopularMoviesViewModel.swift in Sources */,
				AB28A59327E536350019A330 /* AppDelegate.swift in Sources */,
				2997D09927ED74DD0064D85B /* PopularMoviesResult.swift in Sources */,
				2997D09727ED6B550064D85B /* PopularMoviesModel.swift in Sources */,
				AB28A59527E536350019A330 /* SceneDelegate.swift in Sources */,
			);
			runOnlyForDeploymentPostprocessing = 0;
		};
		AB28A5A127E536390019A330 /* Sources */ = {
			isa = PBXSourcesBuildPhase;
			buildActionMask = 2147483647;
			files = (
				AB28A5AA27E536390019A330 /* MoviesTests.swift in Sources */,
			);
			runOnlyForDeploymentPostprocessing = 0;
		};
		AB28A5AB27E536390019A330 /* Sources */ = {
			isa = PBXSourcesBuildPhase;
			buildActionMask = 2147483647;
			files = (
				AB28A5B427E536390019A330 /* MoviesUITests.swift in Sources */,
				AB28A5B627E536390019A330 /* MoviesUITestsLaunchTests.swift in Sources */,
			);
			runOnlyForDeploymentPostprocessing = 0;
		};
/* End PBXSourcesBuildPhase section */

/* Begin PBXTargetDependency section */
		AB28A5A727E536390019A330 /* PBXTargetDependency */ = {
			isa = PBXTargetDependency;
			target = AB28A58E27E536350019A330 /* Movies */;
			targetProxy = AB28A5A627E536390019A330 /* PBXContainerItemProxy */;
		};
		AB28A5B127E536390019A330 /* PBXTargetDependency */ = {
			isa = PBXTargetDependency;
			target = AB28A58E27E536350019A330 /* Movies */;
			targetProxy = AB28A5B027E536390019A330 /* PBXContainerItemProxy */;
		};
/* End PBXTargetDependency section */

/* Begin PBXVariantGroup section */
		AB28A59827E536350019A330 /* Main.storyboard */ = {
			isa = PBXVariantGroup;
			children = (
				AB28A59927E536350019A330 /* Base */,
			);
			name = Main.storyboard;
			sourceTree = "<group>";
		};
		AB28A59D27E536390019A330 /* LaunchScreen.storyboard */ = {
			isa = PBXVariantGroup;
			children = (
				AB28A59E27E536390019A330 /* Base */,
			);
			name = LaunchScreen.storyboard;
			sourceTree = "<group>";
		};
/* End PBXVariantGroup section */

/* Begin XCBuildConfiguration section */
		AB28A5B727E536390019A330 /* Debug */ = {
			isa = XCBuildConfiguration;
			buildSettings = {
				ALWAYS_SEARCH_USER_PATHS = NO;
				CLANG_ANALYZER_NONNULL = YES;
				CLANG_ANALYZER_NUMBER_OBJECT_CONVERSION = YES_AGGRESSIVE;
				CLANG_CXX_LANGUAGE_STANDARD = "gnu++17";
				CLANG_ENABLE_MODULES = YES;
				CLANG_ENABLE_OBJC_ARC = YES;
				CLANG_ENABLE_OBJC_WEAK = YES;
				CLANG_WARN_BLOCK_CAPTURE_AUTORELEASING = YES;
				CLANG_WARN_BOOL_CONVERSION = YES;
				CLANG_WARN_COMMA = YES;
				CLANG_WARN_CONSTANT_CONVERSION = YES;
				CLANG_WARN_DEPRECATED_OBJC_IMPLEMENTATIONS = YES;
				CLANG_WARN_DIRECT_OBJC_ISA_USAGE = YES_ERROR;
				CLANG_WARN_DOCUMENTATION_COMMENTS = YES;
				CLANG_WARN_EMPTY_BODY = YES;
				CLANG_WARN_ENUM_CONVERSION = YES;
				CLANG_WARN_INFINITE_RECURSION = YES;
				CLANG_WARN_INT_CONVERSION = YES;
				CLANG_WARN_NON_LITERAL_NULL_CONVERSION = YES;
				CLANG_WARN_OBJC_IMPLICIT_RETAIN_SELF = YES;
				CLANG_WARN_OBJC_LITERAL_CONVERSION = YES;
				CLANG_WARN_OBJC_ROOT_CLASS = YES_ERROR;
				CLANG_WARN_QUOTED_INCLUDE_IN_FRAMEWORK_HEADER = YES;
				CLANG_WARN_RANGE_LOOP_ANALYSIS = YES;
				CLANG_WARN_STRICT_PROTOTYPES = YES;
				CLANG_WARN_SUSPICIOUS_MOVE = YES;
				CLANG_WARN_UNGUARDED_AVAILABILITY = YES_AGGRESSIVE;
				CLANG_WARN_UNREACHABLE_CODE = YES;
				CLANG_WARN__DUPLICATE_METHOD_MATCH = YES;
				COPY_PHASE_STRIP = NO;
				DEBUG_INFORMATION_FORMAT = dwarf;
				ENABLE_STRICT_OBJC_MSGSEND = YES;
				ENABLE_TESTABILITY = YES;
				GCC_C_LANGUAGE_STANDARD = gnu11;
				GCC_DYNAMIC_NO_PIC = NO;
				GCC_NO_COMMON_BLOCKS = YES;
				GCC_OPTIMIZATION_LEVEL = 0;
				GCC_PREPROCESSOR_DEFINITIONS = (
					"DEBUG=1",
					"$(inherited)",
				);
				GCC_WARN_64_TO_32_BIT_CONVERSION = YES;
				GCC_WARN_ABOUT_RETURN_TYPE = YES_ERROR;
				GCC_WARN_UNDECLARED_SELECTOR = YES;
				GCC_WARN_UNINITIALIZED_AUTOS = YES_AGGRESSIVE;
				GCC_WARN_UNUSED_FUNCTION = YES;
				GCC_WARN_UNUSED_VARIABLE = YES;
				IPHONEOS_DEPLOYMENT_TARGET = 15.4;
				MTL_ENABLE_DEBUG_INFO = INCLUDE_SOURCE;
				MTL_FAST_MATH = YES;
				ONLY_ACTIVE_ARCH = YES;
				SDKROOT = iphoneos;
				SWIFT_ACTIVE_COMPILATION_CONDITIONS = DEBUG;
				SWIFT_OPTIMIZATION_LEVEL = "-Onone";
			};
			name = Debug;
		};
		AB28A5B827E536390019A330 /* Release */ = {
			isa = XCBuildConfiguration;
			buildSettings = {
				ALWAYS_SEARCH_USER_PATHS = NO;
				CLANG_ANALYZER_NONNULL = YES;
				CLANG_ANALYZER_NUMBER_OBJECT_CONVERSION = YES_AGGRESSIVE;
				CLANG_CXX_LANGUAGE_STANDARD = "gnu++17";
				CLANG_ENABLE_MODULES = YES;
				CLANG_ENABLE_OBJC_ARC = YES;
				CLANG_ENABLE_OBJC_WEAK = YES;
				CLANG_WARN_BLOCK_CAPTURE_AUTORELEASING = YES;
				CLANG_WARN_BOOL_CONVERSION = YES;
				CLANG_WARN_COMMA = YES;
				CLANG_WARN_CONSTANT_CONVERSION = YES;
				CLANG_WARN_DEPRECATED_OBJC_IMPLEMENTATIONS = YES;
				CLANG_WARN_DIRECT_OBJC_ISA_USAGE = YES_ERROR;
				CLANG_WARN_DOCUMENTATION_COMMENTS = YES;
				CLANG_WARN_EMPTY_BODY = YES;
				CLANG_WARN_ENUM_CONVERSION = YES;
				CLANG_WARN_INFINITE_RECURSION = YES;
				CLANG_WARN_INT_CONVERSION = YES;
				CLANG_WARN_NON_LITERAL_NULL_CONVERSION = YES;
				CLANG_WARN_OBJC_IMPLICIT_RETAIN_SELF = YES;
				CLANG_WARN_OBJC_LITERAL_CONVERSION = YES;
				CLANG_WARN_OBJC_ROOT_CLASS = YES_ERROR;
				CLANG_WARN_QUOTED_INCLUDE_IN_FRAMEWORK_HEADER = YES;
				CLANG_WARN_RANGE_LOOP_ANALYSIS = YES;
				CLANG_WARN_STRICT_PROTOTYPES = YES;
				CLANG_WARN_SUSPICIOUS_MOVE = YES;
				CLANG_WARN_UNGUARDED_AVAILABILITY = YES_AGGRESSIVE;
				CLANG_WARN_UNREACHABLE_CODE = YES;
				CLANG_WARN__DUPLICATE_METHOD_MATCH = YES;
				COPY_PHASE_STRIP = NO;
				DEBUG_INFORMATION_FORMAT = "dwarf-with-dsym";
				ENABLE_NS_ASSERTIONS = NO;
				ENABLE_STRICT_OBJC_MSGSEND = YES;
				GCC_C_LANGUAGE_STANDARD = gnu11;
				GCC_NO_COMMON_BLOCKS = YES;
				GCC_WARN_64_TO_32_BIT_CONVERSION = YES;
				GCC_WARN_ABOUT_RETURN_TYPE = YES_ERROR;
				GCC_WARN_UNDECLARED_SELECTOR = YES;
				GCC_WARN_UNINITIALIZED_AUTOS = YES_AGGRESSIVE;
				GCC_WARN_UNUSED_FUNCTION = YES;
				GCC_WARN_UNUSED_VARIABLE = YES;
				IPHONEOS_DEPLOYMENT_TARGET = 15.4;
				MTL_ENABLE_DEBUG_INFO = NO;
				MTL_FAST_MATH = YES;
				SDKROOT = iphoneos;
				SWIFT_COMPILATION_MODE = wholemodule;
				SWIFT_OPTIMIZATION_LEVEL = "-O";
				VALIDATE_PRODUCT = YES;
			};
			name = Release;
		};
		AB28A5BA27E536390019A330 /* Debug */ = {
			isa = XCBuildConfiguration;
			buildSettings = {
				ASSETCATALOG_COMPILER_APPICON_NAME = AppIcon;
				ASSETCATALOG_COMPILER_GLOBAL_ACCENT_COLOR_NAME = AccentColor;
				CODE_SIGN_STYLE = Automatic;
				CURRENT_PROJECT_VERSION = 1;
				GENERATE_INFOPLIST_FILE = YES;
				INFOPLIST_FILE = Movies/Info.plist;
				INFOPLIST_KEY_UIApplicationSupportsIndirectInputEvents = YES;
				INFOPLIST_KEY_UILaunchStoryboardName = LaunchScreen;
				INFOPLIST_KEY_UIMainStoryboardFile = Main;
				INFOPLIST_KEY_UISupportedInterfaceOrientations_iPad = "UIInterfaceOrientationPortrait UIInterfaceOrientationPortraitUpsideDown UIInterfaceOrientationLandscapeLeft UIInterfaceOrientationLandscapeRight";
				INFOPLIST_KEY_UISupportedInterfaceOrientations_iPhone = "UIInterfaceOrientationPortrait UIInterfaceOrientationLandscapeLeft UIInterfaceOrientationLandscapeRight";
				LD_RUNPATH_SEARCH_PATHS = (
					"$(inherited)",
					"@executable_path/Frameworks",
				);
				MARKETING_VERSION = 1.0;
				PRODUCT_BUNDLE_IDENTIFIER = gian.Movies;
				PRODUCT_NAME = "$(TARGET_NAME)";
				SWIFT_EMIT_LOC_STRINGS = YES;
				SWIFT_VERSION = 5.0;
				TARGETED_DEVICE_FAMILY = "1,2";
			};
			name = Debug;
		};
		AB28A5BB27E536390019A330 /* Release */ = {
			isa = XCBuildConfiguration;
			buildSettings = {
				ASSETCATALOG_COMPILER_APPICON_NAME = AppIcon;
				ASSETCATALOG_COMPILER_GLOBAL_ACCENT_COLOR_NAME = AccentColor;
				CODE_SIGN_STYLE = Automatic;
				CURRENT_PROJECT_VERSION = 1;
				GENERATE_INFOPLIST_FILE = YES;
				INFOPLIST_FILE = Movies/Info.plist;
				INFOPLIST_KEY_UIApplicationSupportsIndirectInputEvents = YES;
				INFOPLIST_KEY_UILaunchStoryboardName = LaunchScreen;
				INFOPLIST_KEY_UIMainStoryboardFile = Main;
				INFOPLIST_KEY_UISupportedInterfaceOrientations_iPad = "UIInterfaceOrientationPortrait UIInterfaceOrientationPortraitUpsideDown UIInterfaceOrientationLandscapeLeft UIInterfaceOrientationLandscapeRight";
				INFOPLIST_KEY_UISupportedInterfaceOrientations_iPhone = "UIInterfaceOrientationPortrait UIInterfaceOrientationLandscapeLeft UIInterfaceOrientationLandscapeRight";
				LD_RUNPATH_SEARCH_PATHS = (
					"$(inherited)",
					"@executable_path/Frameworks",
				);
				MARKETING_VERSION = 1.0;
				PRODUCT_BUNDLE_IDENTIFIER = gian.Movies;
				PRODUCT_NAME = "$(TARGET_NAME)";
				SWIFT_EMIT_LOC_STRINGS = YES;
				SWIFT_VERSION = 5.0;
				TARGETED_DEVICE_FAMILY = "1,2";
			};
			name = Release;
		};
		AB28A5BD27E536390019A330 /* Debug */ = {
			isa = XCBuildConfiguration;
			buildSettings = {
				ALWAYS_EMBED_SWIFT_STANDARD_LIBRARIES = YES;
				BUNDLE_LOADER = "$(TEST_HOST)";
				CODE_SIGN_STYLE = Automatic;
				CURRENT_PROJECT_VERSION = 1;
				GENERATE_INFOPLIST_FILE = YES;
				IPHONEOS_DEPLOYMENT_TARGET = 15.4;
				MARKETING_VERSION = 1.0;
				PRODUCT_BUNDLE_IDENTIFIER = gian.MoviesTests;
				PRODUCT_NAME = "$(TARGET_NAME)";
				SWIFT_EMIT_LOC_STRINGS = NO;
				SWIFT_VERSION = 5.0;
				TARGETED_DEVICE_FAMILY = "1,2";
				TEST_HOST = "$(BUILT_PRODUCTS_DIR)/Movies.app/Movies";
			};
			name = Debug;
		};
		AB28A5BE27E536390019A330 /* Release */ = {
			isa = XCBuildConfiguration;
			buildSettings = {
				ALWAYS_EMBED_SWIFT_STANDARD_LIBRARIES = YES;
				BUNDLE_LOADER = "$(TEST_HOST)";
				CODE_SIGN_STYLE = Automatic;
				CURRENT_PROJECT_VERSION = 1;
				GENERATE_INFOPLIST_FILE = YES;
				IPHONEOS_DEPLOYMENT_TARGET = 15.4;
				MARKETING_VERSION = 1.0;
				PRODUCT_BUNDLE_IDENTIFIER = gian.MoviesTests;
				PRODUCT_NAME = "$(TARGET_NAME)";
				SWIFT_EMIT_LOC_STRINGS = NO;
				SWIFT_VERSION = 5.0;
				TARGETED_DEVICE_FAMILY = "1,2";
				TEST_HOST = "$(BUILT_PRODUCTS_DIR)/Movies.app/Movies";
			};
			name = Release;
		};
		AB28A5C027E536390019A330 /* Debug */ = {
			isa = XCBuildConfiguration;
			buildSettings = {
				ALWAYS_EMBED_SWIFT_STANDARD_LIBRARIES = YES;
				CODE_SIGN_STYLE = Automatic;
				CURRENT_PROJECT_VERSION = 1;
				GENERATE_INFOPLIST_FILE = YES;
				MARKETING_VERSION = 1.0;
				PRODUCT_BUNDLE_IDENTIFIER = gian.MoviesUITests;
				PRODUCT_NAME = "$(TARGET_NAME)";
				SWIFT_EMIT_LOC_STRINGS = NO;
				SWIFT_VERSION = 5.0;
				TARGETED_DEVICE_FAMILY = "1,2";
				TEST_TARGET_NAME = Movies;
			};
			name = Debug;
		};
		AB28A5C127E536390019A330 /* Release */ = {
			isa = XCBuildConfiguration;
			buildSettings = {
				ALWAYS_EMBED_SWIFT_STANDARD_LIBRARIES = YES;
				CODE_SIGN_STYLE = Automatic;
				CURRENT_PROJECT_VERSION = 1;
				GENERATE_INFOPLIST_FILE = YES;
				MARKETING_VERSION = 1.0;
				PRODUCT_BUNDLE_IDENTIFIER = gian.MoviesUITests;
				PRODUCT_NAME = "$(TARGET_NAME)";
				SWIFT_EMIT_LOC_STRINGS = NO;
				SWIFT_VERSION = 5.0;
				TARGETED_DEVICE_FAMILY = "1,2";
				TEST_TARGET_NAME = Movies;
			};
			name = Release;
		};
/* End XCBuildConfiguration section */

/* Begin XCConfigurationList section */
		AB28A58A27E536350019A330 /* Build configuration list for PBXProject "Movies" */ = {
			isa = XCConfigurationList;
			buildConfigurations = (
				AB28A5B727E536390019A330 /* Debug */,
				AB28A5B827E536390019A330 /* Release */,
			);
			defaultConfigurationIsVisible = 0;
			defaultConfigurationName = Release;
		};
		AB28A5B927E536390019A330 /* Build configuration list for PBXNativeTarget "Movies" */ = {
			isa = XCConfigurationList;
			buildConfigurations = (
				AB28A5BA27E536390019A330 /* Debug */,
				AB28A5BB27E536390019A330 /* Release */,
			);
			defaultConfigurationIsVisible = 0;
			defaultConfigurationName = Release;
		};
		AB28A5BC27E536390019A330 /* Build configuration list for PBXNativeTarget "MoviesTests" */ = {
			isa = XCConfigurationList;
			buildConfigurations = (
				AB28A5BD27E536390019A330 /* Debug */,
				AB28A5BE27E536390019A330 /* Release */,
			);
			defaultConfigurationIsVisible = 0;
			defaultConfigurationName = Release;
		};
		AB28A5BF27E536390019A330 /* Build configuration list for PBXNativeTarget "MoviesUITests" */ = {
			isa = XCConfigurationList;
			buildConfigurations = (
				AB28A5C027E536390019A330 /* Debug */,
				AB28A5C127E536390019A330 /* Release */,
			);
			defaultConfigurationIsVisible = 0;
			defaultConfigurationName = Release;
		};
/* End XCConfigurationList section */

/* Begin XCRemoteSwiftPackageReference section */
		29A29EA427F41AF300253F00 /* XCRemoteSwiftPackageReference "Nuke" */ = {
			isa = XCRemoteSwiftPackageReference;
			repositoryURL = "https://github.com/kean/Nuke.git";
			requirement = {
				kind = upToNextMajorVersion;
				minimumVersion = 10.0.0;
			};
		};
/* End XCRemoteSwiftPackageReference section */

/* Begin XCSwiftPackageProductDependency section */
		29A29EA527F41AF300253F00 /* Nuke */ = {
			isa = XCSwiftPackageProductDependency;
			package = 29A29EA427F41AF300253F00 /* XCRemoteSwiftPackageReference "Nuke" */;
			productName = Nuke;
		};
/* End XCSwiftPackageProductDependency section */
	};
	rootObject = AB28A58727E536350019A330 /* Project object */;
}
